
Microsoft Visual Studio Solution File, Format Version 12.00
# Visual Studio 15
VisualStudioVersion = 15.0.26430.16
MinimumVisualStudioVersion = 10.0.40219.1
Project("{FAE04EC0-301F-11D3-BF4B-00C04F79EFBC}") = "CrawlerApp", "CrawlerApp\CrawlerApp.csproj", "{51F2F113-2842-4FCD-922C-F604F14903E1}"
EndProject
Project("{FAE04EC0-301F-11D3-BF4B-00C04F79EFBC}") = "CrawlerLib", "CrawlerLib\CrawlerLib.csproj", "{046CD8C5-AB75-4026-97C2-5FEE9EB19CE0}"
EndProject
Project("{FAE04EC0-301F-11D3-BF4B-00C04F79EFBC}") = "ArchiGraph", "ArchiGraph\ArchiGraph.csproj", "{0D284F34-CE9C-47C9-B3E3-7642089AD75F}"
EndProject
Project("{FAE04EC0-301F-11D3-BF4B-00C04F79EFBC}") = "GraphDBClient", "GraphDBClient\GraphDBClient.csproj", "{874BB436-5A3A-434F-953C-71CB018D5539}"
EndProject
Project("{FAE04EC0-301F-11D3-BF4B-00C04F79EFBC}") = "GraphBuilder", "GraphBuilder\GraphBuilder.csproj", "{CF44ABAC-19C8-4FAE-A516-1F35B694F826}"
EndProject
Project("{FAE04EC0-301F-11D3-BF4B-00C04F79EFBC}") = "ARMProcessor", "ARMProcessor\ARMProcessor.csproj", "{A1441153-EE01-46CF-905B-4ABC4BB8FB71}"
EndProject
Project("{A07B5EB6-E848-4116-A8D0-A826331D98C6}") = "ArchiBotSite", "ArchiBotSite\ArchiBotSite.sfproj", "{AF006B4D-CDB1-4CF2-827C-4508F47444BE}"
EndProject
Project("{9A19103F-16F7-4668-BE54-9A1E7A4F7556}") = "ArchiBotAPI", "ArchiBotAPI\ArchiBotAPI.csproj", "{636BA9DB-3C4F-4359-A5E0-44F48C4856D2}"
EndProject
Project("{FAE04EC0-301F-11D3-BF4B-00C04F79EFBC}") = "ArchiBotApp", "ArchiBotApp\ArchiBotApp.csproj", "{AF8957A9-E6EA-4C84-BE51-4D0F1DDED0EC}"
EndProject
Project("{FAE04EC0-301F-11D3-BF4B-00C04F79EFBC}") = "ArchiBotWeb", "ArchiBotWeb\ArchiBotWeb.csproj", "{C2F6DE5D-591D-4D90-8173-9D18A45137CE}"
EndProject
Global
	GlobalSection(SolutionConfigurationPlatforms) = preSolution
		Debug|Any CPU = Debug|Any CPU
		Debug|x64 = Debug|x64
		Release|Any CPU = Release|Any CPU
		Release|x64 = Release|x64
	EndGlobalSection
	GlobalSection(ProjectConfigurationPlatforms) = postSolution
		{51F2F113-2842-4FCD-922C-F604F14903E1}.Debug|Any CPU.ActiveCfg = Debug|Any CPU
		{51F2F113-2842-4FCD-922C-F604F14903E1}.Debug|Any CPU.Build.0 = Debug|Any CPU
		{51F2F113-2842-4FCD-922C-F604F14903E1}.Debug|x64.ActiveCfg = Debug|Any CPU
		{51F2F113-2842-4FCD-922C-F604F14903E1}.Debug|x64.Build.0 = Debug|Any CPU
		{51F2F113-2842-4FCD-922C-F604F14903E1}.Release|Any CPU.ActiveCfg = Release|Any CPU
		{51F2F113-2842-4FCD-922C-F604F14903E1}.Release|Any CPU.Build.0 = Release|Any CPU
		{51F2F113-2842-4FCD-922C-F604F14903E1}.Release|x64.ActiveCfg = Release|Any CPU
		{51F2F113-2842-4FCD-922C-F604F14903E1}.Release|x64.Build.0 = Release|Any CPU
		{046CD8C5-AB75-4026-97C2-5FEE9EB19CE0}.Debug|Any CPU.ActiveCfg = Debug|Any CPU
		{046CD8C5-AB75-4026-97C2-5FEE9EB19CE0}.Debug|Any CPU.Build.0 = Debug|Any CPU
		{046CD8C5-AB75-4026-97C2-5FEE9EB19CE0}.Debug|x64.ActiveCfg = Debug|Any CPU
		{046CD8C5-AB75-4026-97C2-5FEE9EB19CE0}.Debug|x64.Build.0 = Debug|Any CPU
		{046CD8C5-AB75-4026-97C2-5FEE9EB19CE0}.Release|Any CPU.ActiveCfg = Release|Any CPU
		{046CD8C5-AB75-4026-97C2-5FEE9EB19CE0}.Release|Any CPU.Build.0 = Release|Any CPU
		{046CD8C5-AB75-4026-97C2-5FEE9EB19CE0}.Release|x64.ActiveCfg = Release|Any CPU
		{046CD8C5-AB75-4026-97C2-5FEE9EB19CE0}.Release|x64.Build.0 = Release|Any CPU
		{0D284F34-CE9C-47C9-B3E3-7642089AD75F}.Debug|Any CPU.ActiveCfg = Debug|Any CPU
		{0D284F34-CE9C-47C9-B3E3-7642089AD75F}.Debug|Any CPU.Build.0 = Debug|Any CPU
		{0D284F34-CE9C-47C9-B3E3-7642089AD75F}.Debug|x64.ActiveCfg = Debug|Any CPU
		{0D284F34-CE9C-47C9-B3E3-7642089AD75F}.Debug|x64.Build.0 = Debug|Any CPU
		{0D284F34-CE9C-47C9-B3E3-7642089AD75F}.Release|Any CPU.ActiveCfg = Release|Any CPU
		{0D284F34-CE9C-47C9-B3E3-7642089AD75F}.Release|Any CPU.Build.0 = Release|Any CPU
		{0D284F34-CE9C-47C9-B3E3-7642089AD75F}.Release|x64.ActiveCfg = Release|Any CPU
		{0D284F34-CE9C-47C9-B3E3-7642089AD75F}.Release|x64.Build.0 = Release|Any CPU
		{874BB436-5A3A-434F-953C-71CB018D5539}.Debug|Any CPU.ActiveCfg = Debug|Any CPU
		{874BB436-5A3A-434F-953C-71CB018D5539}.Debug|Any CPU.Build.0 = Debug|Any CPU
		{874BB436-5A3A-434F-953C-71CB018D5539}.Debug|x64.ActiveCfg = Debug|Any CPU
		{874BB436-5A3A-434F-953C-71CB018D5539}.Debug|x64.Build.0 = Debug|Any CPU
		{874BB436-5A3A-434F-953C-71CB018D5539}.Release|Any CPU.ActiveCfg = Release|Any CPU
		{874BB436-5A3A-434F-953C-71CB018D5539}.Release|Any CPU.Build.0 = Release|Any CPU
		{874BB436-5A3A-434F-953C-71CB018D5539}.Release|x64.ActiveCfg = Release|Any CPU
		{874BB436-5A3A-434F-953C-71CB018D5539}.Release|x64.Build.0 = Release|Any CPU
		{CF44ABAC-19C8-4FAE-A516-1F35B694F826}.Debug|Any CPU.ActiveCfg = Debug|Any CPU
		{CF44ABAC-19C8-4FAE-A516-1F35B694F826}.Debug|Any CPU.Build.0 = Debug|Any CPU
		{CF44ABAC-19C8-4FAE-A516-1F35B694F826}.Debug|x64.ActiveCfg = Debug|Any CPU
		{CF44ABAC-19C8-4FAE-A516-1F35B694F826}.Debug|x64.Build.0 = Debug|Any CPU
		{CF44ABAC-19C8-4FAE-A516-1F35B694F826}.Release|Any CPU.ActiveCfg = Release|Any CPU
		{CF44ABAC-19C8-4FAE-A516-1F35B694F826}.Release|Any CPU.Build.0 = Release|Any CPU
		{CF44ABAC-19C8-4FAE-A516-1F35B694F826}.Release|x64.ActiveCfg = Release|Any CPU
		{CF44ABAC-19C8-4FAE-A516-1F35B694F826}.Release|x64.Build.0 = Release|Any CPU
		{A1441153-EE01-46CF-905B-4ABC4BB8FB71}.Debug|Any CPU.ActiveCfg = Debug|Any CPU
		{A1441153-EE01-46CF-905B-4ABC4BB8FB71}.Debug|Any CPU.Build.0 = Debug|Any CPU
		{A1441153-EE01-46CF-905B-4ABC4BB8FB71}.Debug|x64.ActiveCfg = Debug|Any CPU
		{A1441153-EE01-46CF-905B-4ABC4BB8FB71}.Debug|x64.Build.0 = Debug|Any CPU
		{A1441153-EE01-46CF-905B-4ABC4BB8FB71}.Release|Any CPU.ActiveCfg = Release|Any CPU
		{A1441153-EE01-46CF-905B-4ABC4BB8FB71}.Release|Any CPU.Build.0 = Release|Any CPU
		{A1441153-EE01-46CF-905B-4ABC4BB8FB71}.Release|x64.ActiveCfg = Release|Any CPU
		{A1441153-EE01-46CF-905B-4ABC4BB8FB71}.Release|x64.Build.0 = Release|Any CPU
		{AF006B4D-CDB1-4CF2-827C-4508F47444BE}.Debug|Any CPU.ActiveCfg = Debug|x64
		{AF006B4D-CDB1-4CF2-827C-4508F47444BE}.Debug|x64.ActiveCfg = Debug|x64
		{AF006B4D-CDB1-4CF2-827C-4508F47444BE}.Debug|x64.Build.0 = Debug|x64
		{AF006B4D-CDB1-4CF2-827C-4508F47444BE}.Debug|x64.Deploy.0 = Debug|x64
		{AF006B4D-CDB1-4CF2-827C-4508F47444BE}.Release|Any CPU.ActiveCfg = Release|x64
		{AF006B4D-CDB1-4CF2-827C-4508F47444BE}.Release|x64.ActiveCfg = Release|x64
		{AF006B4D-CDB1-4CF2-827C-4508F47444BE}.Release|x64.Build.0 = Release|x64
		{AF006B4D-CDB1-4CF2-827C-4508F47444BE}.Release|x64.Deploy.0 = Release|x64
		{636BA9DB-3C4F-4359-A5E0-44F48C4856D2}.Debug|Any CPU.ActiveCfg = Debug|Any CPU
		{636BA9DB-3C4F-4359-A5E0-44F48C4856D2}.Debug|Any CPU.Build.0 = Debug|Any CPU
		{636BA9DB-3C4F-4359-A5E0-44F48C4856D2}.Debug|x64.ActiveCfg = Debug|Any CPU
		{636BA9DB-3C4F-4359-A5E0-44F48C4856D2}.Debug|x64.Build.0 = Debug|Any CPU
		{636BA9DB-3C4F-4359-A5E0-44F48C4856D2}.Release|Any CPU.ActiveCfg = Release|Any CPU
		{636BA9DB-3C4F-4359-A5E0-44F48C4856D2}.Release|Any CPU.Build.0 = Release|Any CPU
		{636BA9DB-3C4F-4359-A5E0-44F48C4856D2}.Release|x64.ActiveCfg = Release|Any CPU
		{636BA9DB-3C4F-4359-A5E0-44F48C4856D2}.Release|x64.Build.0 = Release|Any CPU
		{AF8957A9-E6EA-4C84-BE51-4D0F1DDED0EC}.Debug|Any CPU.ActiveCfg = Debug|Any CPU
		{AF8957A9-E6EA-4C84-BE51-4D0F1DDED0EC}.Debug|Any CPU.Build.0 = Debug|Any CPU
		{AF8957A9-E6EA-4C84-BE51-4D0F1DDED0EC}.Debug|x64.ActiveCfg = Debug|Any CPU
		{AF8957A9-E6EA-4C84-BE51-4D0F1DDED0EC}.Debug|x64.Build.0 = Debug|Any CPU
		{AF8957A9-E6EA-4C84-BE51-4D0F1DDED0EC}.Release|Any CPU.ActiveCfg = Release|Any CPU
		{AF8957A9-E6EA-4C84-BE51-4D0F1DDED0EC}.Release|Any CPU.Build.0 = Release|Any CPU
		{AF8957A9-E6EA-4C84-BE51-4D0F1DDED0EC}.Release|x64.ActiveCfg = Release|Any CPU
		{AF8957A9-E6EA-4C84-BE51-4D0F1DDED0EC}.Release|x64.Build.0 = Release|Any CPU
		{C2F6DE5D-591D-4D90-8173-9D18A45137CE}.Debug|Any CPU.ActiveCfg = Debug|Any CPU
		{C2F6DE5D-591D-4D90-8173-9D18A45137CE}.Debug|Any CPU.Build.0 = Debug|Any CPU
		{C2F6DE5D-591D-4D90-8173-9D18A45137CE}.Debug|x64.ActiveCfg = Debug|Any CPU
		{C2F6DE5D-591D-4D90-8173-9D18A45137CE}.Debug|x64.Build.0 = Debug|Any CPU
		{C2F6DE5D-591D-4D90-8173-9D18A45137CE}.Release|Any CPU.ActiveCfg = Release|Any CPU
		{C2F6DE5D-591D-4D90-8173-9D18A45137CE}.Release|Any CPU.Build.0 = Release|Any CPU
		{C2F6DE5D-591D-4D90-8173-9D18A45137CE}.Release|x64.ActiveCfg = Release|Any CPU
		{C2F6DE5D-591D-4D90-8173-9D18A45137CE}.Release|x64.Build.0 = Release|Any CPU
	EndGlobalSection
	GlobalSection(SolutionProperties) = preSolution
		HideSolutionNode = FALSE
	EndGlobalSection
EndGlobal
