
Microsoft Visual Studio Solution File, Format Version 12.00
# Visual Studio 15
VisualStudioVersion = 15.0.27004.2009
MinimumVisualStudioVersion = 10.0.40219.1
Project("{A07B5EB6-E848-4116-A8D0-A826331D98C6}") = "ReactiveActors", "ReactiveActors\ReactiveActors.sfproj", "{D24B86C4-2423-43C6-A2F5-23DFFB32E06F}"
EndProject
Project("{FAE04EC0-301F-11D3-BF4B-00C04F79EFBC}") = "JobGateway", "JobGateway\JobGateway.csproj", "{956D404F-A933-4110-9FCF-DA51C8943FF0}"
EndProject
Project("{FAE04EC0-301F-11D3-BF4B-00C04F79EFBC}") = "SlowProcessor", "SlowProcessor\SlowProcessor.csproj", "{703194CC-BB5D-443C-B1CF-5197BE6047F7}"
EndProject
Project("{FAE04EC0-301F-11D3-BF4B-00C04F79EFBC}") = "SlowProcessor.Interfaces", "SlowProcessor.Interfaces\SlowProcessor.Interfaces.csproj", "{B6C8153F-B2E9-4C49-AF91-A5EC7E5AF1B6}"
EndProject
Global
	GlobalSection(SolutionConfigurationPlatforms) = preSolution
		Debug|Any CPU = Debug|Any CPU
		Debug|x64 = Debug|x64
		Release|Any CPU = Release|Any CPU
		Release|x64 = Release|x64
	EndGlobalSection
	GlobalSection(ProjectConfigurationPlatforms) = postSolution
		{D24B86C4-2423-43C6-A2F5-23DFFB32E06F}.Debug|Any CPU.ActiveCfg = Debug|x64
		{D24B86C4-2423-43C6-A2F5-23DFFB32E06F}.Debug|x64.ActiveCfg = Debug|x64
		{D24B86C4-2423-43C6-A2F5-23DFFB32E06F}.Debug|x64.Build.0 = Debug|x64
		{D24B86C4-2423-43C6-A2F5-23DFFB32E06F}.Debug|x64.Deploy.0 = Debug|x64
		{D24B86C4-2423-43C6-A2F5-23DFFB32E06F}.Release|Any CPU.ActiveCfg = Release|x64
		{D24B86C4-2423-43C6-A2F5-23DFFB32E06F}.Release|x64.ActiveCfg = Release|x64
		{D24B86C4-2423-43C6-A2F5-23DFFB32E06F}.Release|x64.Build.0 = Release|x64
		{D24B86C4-2423-43C6-A2F5-23DFFB32E06F}.Release|x64.Deploy.0 = Release|x64
		{956D404F-A933-4110-9FCF-DA51C8943FF0}.Debug|Any CPU.ActiveCfg = Debug|Any CPU
		{956D404F-A933-4110-9FCF-DA51C8943FF0}.Debug|Any CPU.Build.0 = Debug|Any CPU
		{956D404F-A933-4110-9FCF-DA51C8943FF0}.Debug|x64.ActiveCfg = Debug|Any CPU
		{956D404F-A933-4110-9FCF-DA51C8943FF0}.Debug|x64.Build.0 = Debug|Any CPU
		{956D404F-A933-4110-9FCF-DA51C8943FF0}.Release|Any CPU.ActiveCfg = Release|Any CPU
		{956D404F-A933-4110-9FCF-DA51C8943FF0}.Release|Any CPU.Build.0 = Release|Any CPU
		{956D404F-A933-4110-9FCF-DA51C8943FF0}.Release|x64.ActiveCfg = Release|Any CPU
		{956D404F-A933-4110-9FCF-DA51C8943FF0}.Release|x64.Build.0 = Release|Any CPU
		{703194CC-BB5D-443C-B1CF-5197BE6047F7}.Debug|Any CPU.ActiveCfg = Debug|x64
		{703194CC-BB5D-443C-B1CF-5197BE6047F7}.Debug|x64.ActiveCfg = Debug|x64
		{703194CC-BB5D-443C-B1CF-5197BE6047F7}.Debug|x64.Build.0 = Debug|x64
		{703194CC-BB5D-443C-B1CF-5197BE6047F7}.Release|Any CPU.ActiveCfg = Release|x64
		{703194CC-BB5D-443C-B1CF-5197BE6047F7}.Release|x64.ActiveCfg = Release|x64
		{703194CC-BB5D-443C-B1CF-5197BE6047F7}.Release|x64.Build.0 = Release|x64
		{B6C8153F-B2E9-4C49-AF91-A5EC7E5AF1B6}.Debug|Any CPU.ActiveCfg = Debug|x64
		{B6C8153F-B2E9-4C49-AF91-A5EC7E5AF1B6}.Debug|x64.ActiveCfg = Debug|x64
		{B6C8153F-B2E9-4C49-AF91-A5EC7E5AF1B6}.Debug|x64.Build.0 = Debug|x64
		{B6C8153F-B2E9-4C49-AF91-A5EC7E5AF1B6}.Release|Any CPU.ActiveCfg = Release|x64
		{B6C8153F-B2E9-4C49-AF91-A5EC7E5AF1B6}.Release|x64.ActiveCfg = Release|x64
		{B6C8153F-B2E9-4C49-AF91-A5EC7E5AF1B6}.Release|x64.Build.0 = Release|x64
	EndGlobalSection
	GlobalSection(SolutionProperties) = preSolution
		HideSolutionNode = FALSE
	EndGlobalSection
	GlobalSection(ExtensibilityGlobals) = postSolution
		SolutionGuid = {8DA65410-EDD0-4792-8DC7-B2E1EEE4A490}
	EndGlobalSection
EndGlobal
