
Microsoft Visual Studio Solution File, Format Version 12.00
# Visual Studio 15
VisualStudioVersion = 15.0.27004.2009
MinimumVisualStudioVersion = 10.0.40219.1
Project("{A07B5EB6-E848-4116-A8D0-A826331D98C6}") = "EventFlowTestApplication", "EventFlowTestApplication\EventFlowTestApplication.sfproj", "{79A9AE8C-70F3-4983-8776-88118A279512}"
EndProject
Project("{FAE04EC0-301F-11D3-BF4B-00C04F79EFBC}") = "Stateless1", "Stateless1\Stateless1.csproj", "{0B86C0F8-441A-433E-9067-1FBC84469BCF}"
EndProject
Global
	GlobalSection(SolutionConfigurationPlatforms) = preSolution
		Debug|x64 = Debug|x64
		Release|x64 = Release|x64
	EndGlobalSection
	GlobalSection(ProjectConfigurationPlatforms) = postSolution
		{79A9AE8C-70F3-4983-8776-88118A279512}.Debug|x64.ActiveCfg = Debug|x64
		{79A9AE8C-70F3-4983-8776-88118A279512}.Debug|x64.Build.0 = Debug|x64
		{79A9AE8C-70F3-4983-8776-88118A279512}.Debug|x64.Deploy.0 = Debug|x64
		{79A9AE8C-70F3-4983-8776-88118A279512}.Release|x64.ActiveCfg = Release|x64
		{79A9AE8C-70F3-4983-8776-88118A279512}.Release|x64.Build.0 = Release|x64
		{79A9AE8C-70F3-4983-8776-88118A279512}.Release|x64.Deploy.0 = Release|x64
		{0B86C0F8-441A-433E-9067-1FBC84469BCF}.Debug|x64.ActiveCfg = Debug|x64
		{0B86C0F8-441A-433E-9067-1FBC84469BCF}.Debug|x64.Build.0 = Debug|x64
		{0B86C0F8-441A-433E-9067-1FBC84469BCF}.Release|x64.ActiveCfg = Release|x64
		{0B86C0F8-441A-433E-9067-1FBC84469BCF}.Release|x64.Build.0 = Release|x64
	EndGlobalSection
	GlobalSection(SolutionProperties) = preSolution
		HideSolutionNode = FALSE
	EndGlobalSection
	GlobalSection(ExtensibilityGlobals) = postSolution
		SolutionGuid = {5DE5ACF5-1CFD-462C-A1B6-D47C5C057BE3}
	EndGlobalSection
EndGlobal
