
Microsoft Visual Studio Solution File, Format Version 12.00
# Visual Studio 15
VisualStudioVersion = 15.0.27130.2010
MinimumVisualStudioVersion = 10.0.40219.1
Project("{2150E333-8FDC-42A3-9474-1A3956D46DE8}") = "Chapter-1", "Chapter-1", "{157EC6D4-8CD9-4C24-B60A-477574D24EAE}"
EndProject
Project("{2150E333-8FDC-42A3-9474-1A3956D46DE8}") = "Chapter-2", "Chapter-2", "{DB175C9D-C489-428F-A403-543423E70283}"
EndProject
Project("{A07B5EB6-E848-4116-A8D0-A826331D98C6}") = "HelloWorldApplication", "Chapter-1\HelloWorldApplication\HelloWorldApplication.sfproj", "{74B9485E-0D5B-42AE-941E-66B304B8BE3F}"
EndProject
Project("{FAE04EC0-301F-11D3-BF4B-00C04F79EFBC}") = "HelloWorldService", "Chapter-1\HelloWorldService\HelloWorldService.csproj", "{2BF036BB-0796-460D-8593-51D26B720E85}"
EndProject
Project("{A07B5EB6-E848-4116-A8D0-A826331D98C6}") = "CalculatorApplication", "Chapter-2\CalculatorApplication\CalculatorApplication.sfproj", "{000549B4-D86D-420E-B454-D15D81DB960D}"
EndProject
Project("{FAE04EC0-301F-11D3-BF4B-00C04F79EFBC}") = "CalculatorService", "Chapter-2\CalculatorService\CalculatorService.csproj", "{BE4635FA-4E08-4F01-BE7C-71C848DA6530}"
EndProject
Project("{FAE04EC0-301F-11D3-BF4B-00C04F79EFBC}") = "CalculatorClient", "Chapter-2\CalculatorClient\CalculatorClient.csproj", "{B0C0B839-BA27-4C44-8FB5-C1DC16088A31}"
EndProject
Project("{FAE04EC0-301F-11D3-BF4B-00C04F79EFBC}") = "CalculatorServiceWCF", "Chapter-2\CalculatorServiceWCF\CalculatorServiceWCF.csproj", "{81D9963D-89F8-46C6-A6A7-A57EE9F8424B}"
EndProject
Project("{A07B5EB6-E848-4116-A8D0-A826331D98C6}") = "WebCalculatorApplication", "Chapter-2\WebCalculatorApplication\WebCalculatorApplication.sfproj", "{F5AD725E-0285-4438-A653-303A1273E363}"
EndProject
Project("{FAE04EC0-301F-11D3-BF4B-00C04F79EFBC}") = "WebCalculatorService", "Chapter-2\WebCalculatorService\WebCalculatorService.csproj", "{929AA6E7-41F3-40BF-8897-8354594CF046}"
EndProject
Project("{2150E333-8FDC-42A3-9474-1A3956D46DE8}") = "Chapter-3", "Chapter-3", "{77084D03-E3FD-43B5-BF11-A07C66FC535E}"
EndProject
Project("{A07B5EB6-E848-4116-A8D0-A826331D98C6}") = "SimpleStoreApplication", "Chapter-3\SimpleStoreApplication\SimpleStoreApplication.sfproj", "{6D9E1E24-831C-4B92-9FDE-216270255C06}"
EndProject
Project("{FAE04EC0-301F-11D3-BF4B-00C04F79EFBC}") = "ShoppingCartService", "Chapter-3\ShoppingCartService\ShoppingCartService.csproj", "{2D78F36C-368B-4A64-B6DC-5AB2267066DB}"
EndProject
Project("{FAE04EC0-301F-11D3-BF4B-00C04F79EFBC}") = "Common", "Chapter-3\Common\Common.csproj", "{A27CDBA0-3565-4809-8381-50984F6ABCDC}"
EndProject
Project("{FAE04EC0-301F-11D3-BF4B-00C04F79EFBC}") = "SimpleStoreClient", "Chapter-3\SimpleStoreClient\SimpleStoreClient.csproj", "{BA833649-B5B4-44BE-8325-01E1E5235759}"
EndProject
Project("{2150E333-8FDC-42A3-9474-1A3956D46DE8}") = "Chapter-4", "Chapter-4", "{DB141247-62DB-4C42-A14D-161833F2AB71}"
EndProject
Project("{A07B5EB6-E848-4116-A8D0-A826331D98C6}") = "ActorTicTacToeApplication", "Chapter-4\ActorTicTacToeApplication\ActorTicTacToeApplication.sfproj", "{49770C86-EEDD-4B3C-85E3-A8FACC94E254}"
EndProject
Project("{FAE04EC0-301F-11D3-BF4B-00C04F79EFBC}") = "Player", "Chapter-4\Player\Player.csproj", "{96B5FC04-C1BE-4C16-89F8-F283E742538D}"
EndProject
Project("{FAE04EC0-301F-11D3-BF4B-00C04F79EFBC}") = "Player.Interfaces", "Chapter-4\Player.Interfaces\Player.Interfaces.csproj", "{706E18E2-E4EF-4C8C-ACAE-9CFBE6C8CFA5}"
EndProject
Project("{FAE04EC0-301F-11D3-BF4B-00C04F79EFBC}") = "Game", "Chapter-4\Game\Game.csproj", "{73839AAB-915C-409A-812D-ED1E80A5B43E}"
EndProject
Project("{FAE04EC0-301F-11D3-BF4B-00C04F79EFBC}") = "Game.Interfaces", "Chapter-4\Game.Interfaces\Game.Interfaces.csproj", "{44888183-576A-4C89-BF8F-33B2567E62B2}"
EndProject
Project("{FAE04EC0-301F-11D3-BF4B-00C04F79EFBC}") = "TestClient", "Chapter-4\TestClient\TestClient.csproj", "{8E60D60B-5DA6-4B68-A4A6-0F1AEFDCB1A7}"
EndProject
Project("{2150E333-8FDC-42A3-9474-1A3956D46DE8}") = "Chapter-5", "Chapter-5", "{0FB0A682-D86A-428E-886A-D30E3A075D24}"
EndProject
Project("{A07B5EB6-E848-4116-A8D0-A826331D98C6}") = "ConsoleRedirectTestApplication", "Chapter-5\ConsoleRedirectTestApplication\ConsoleRedirectTestApplication.sfproj", "{B0F1A64B-EB06-4ECA-AEE2-029E4A53D55D}"
EndProject
Project("{FAE04EC0-301F-11D3-BF4B-00C04F79EFBC}") = "ConsoleRedirect", "Chapter-5\ConsoleRedirect\ConsoleRedirect.csproj", "{A1692595-7D80-4B6A-9502-CDC2A10EFF7A}"
EndProject
Project("{A07B5EB6-E848-4116-A8D0-A826331D98C6}") = "HelloWorldApplicationWithData", "Chapter-5\HelloWorldApplicationWithData\HelloWorldApplicationWithData.sfproj", "{DF046FA3-DFC0-4415-BB9C-B3A6A8C3150F}"
EndProject
Project("{FAE04EC0-301F-11D3-BF4B-00C04F79EFBC}") = "HelloWorldServiceWithData", "Chapter-5\HelloWorldServiceWithData\HelloWorldServiceWithData.csproj", "{86270D41-6D80-46A7-BC6F-7F9A2D135AEF}"
EndProject
Project("{A07B5EB6-E848-4116-A8D0-A826331D98C6}") = "NodeJsHelloWorldApplication", "Chapter-5\NodeJsHelloWorldApplication\NodeJsHelloWorldApplication.sfproj", "{F41FF9B3-180B-4DF1-9ECA-C588DFE33AB6}"
EndProject
Project("{FAE04EC0-301F-11D3-BF4B-00C04F79EFBC}") = "NodeApp", "Chapter-5\NodeApp\NodeApp.csproj", "{1B822D3A-DAF4-4582-A92D-A13577899F7C}"
EndProject
Global
	GlobalSection(SolutionConfigurationPlatforms) = preSolution
		Debug|Any CPU = Debug|Any CPU
		Debug|x64 = Debug|x64
		Release|Any CPU = Release|Any CPU
		Release|x64 = Release|x64
	EndGlobalSection
	GlobalSection(ProjectConfigurationPlatforms) = postSolution
		{74B9485E-0D5B-42AE-941E-66B304B8BE3F}.Debug|Any CPU.ActiveCfg = Debug|x64
		{74B9485E-0D5B-42AE-941E-66B304B8BE3F}.Debug|Any CPU.Build.0 = Debug|x64
		{74B9485E-0D5B-42AE-941E-66B304B8BE3F}.Debug|Any CPU.Deploy.0 = Debug|x64
		{74B9485E-0D5B-42AE-941E-66B304B8BE3F}.Debug|x64.ActiveCfg = Debug|x64
		{74B9485E-0D5B-42AE-941E-66B304B8BE3F}.Debug|x64.Build.0 = Debug|x64
		{74B9485E-0D5B-42AE-941E-66B304B8BE3F}.Debug|x64.Deploy.0 = Debug|x64
		{74B9485E-0D5B-42AE-941E-66B304B8BE3F}.Release|Any CPU.ActiveCfg = Release|x64
		{74B9485E-0D5B-42AE-941E-66B304B8BE3F}.Release|x64.ActiveCfg = Release|x64
		{74B9485E-0D5B-42AE-941E-66B304B8BE3F}.Release|x64.Build.0 = Release|x64
		{74B9485E-0D5B-42AE-941E-66B304B8BE3F}.Release|x64.Deploy.0 = Release|x64
		{2BF036BB-0796-460D-8593-51D26B720E85}.Debug|Any CPU.ActiveCfg = Debug|x64
		{2BF036BB-0796-460D-8593-51D26B720E85}.Debug|Any CPU.Build.0 = Debug|x64
		{2BF036BB-0796-460D-8593-51D26B720E85}.Debug|x64.ActiveCfg = Debug|x64
		{2BF036BB-0796-460D-8593-51D26B720E85}.Debug|x64.Build.0 = Debug|x64
		{2BF036BB-0796-460D-8593-51D26B720E85}.Release|Any CPU.ActiveCfg = Release|x64
		{2BF036BB-0796-460D-8593-51D26B720E85}.Release|x64.ActiveCfg = Release|x64
		{2BF036BB-0796-460D-8593-51D26B720E85}.Release|x64.Build.0 = Release|x64
		{000549B4-D86D-420E-B454-D15D81DB960D}.Debug|Any CPU.ActiveCfg = Debug|x64
		{000549B4-D86D-420E-B454-D15D81DB960D}.Debug|Any CPU.Build.0 = Debug|x64
		{000549B4-D86D-420E-B454-D15D81DB960D}.Debug|Any CPU.Deploy.0 = Debug|x64
		{000549B4-D86D-420E-B454-D15D81DB960D}.Debug|x64.ActiveCfg = Debug|x64
		{000549B4-D86D-420E-B454-D15D81DB960D}.Debug|x64.Build.0 = Debug|x64
		{000549B4-D86D-420E-B454-D15D81DB960D}.Debug|x64.Deploy.0 = Debug|x64
		{000549B4-D86D-420E-B454-D15D81DB960D}.Release|Any CPU.ActiveCfg = Release|x64
		{000549B4-D86D-420E-B454-D15D81DB960D}.Release|x64.ActiveCfg = Release|x64
		{000549B4-D86D-420E-B454-D15D81DB960D}.Release|x64.Build.0 = Release|x64
		{000549B4-D86D-420E-B454-D15D81DB960D}.Release|x64.Deploy.0 = Release|x64
		{BE4635FA-4E08-4F01-BE7C-71C848DA6530}.Debug|Any CPU.ActiveCfg = Debug|x64
		{BE4635FA-4E08-4F01-BE7C-71C848DA6530}.Debug|Any CPU.Build.0 = Debug|x64
		{BE4635FA-4E08-4F01-BE7C-71C848DA6530}.Debug|x64.ActiveCfg = Debug|x64
		{BE4635FA-4E08-4F01-BE7C-71C848DA6530}.Debug|x64.Build.0 = Debug|x64
		{BE4635FA-4E08-4F01-BE7C-71C848DA6530}.Release|Any CPU.ActiveCfg = Release|x64
		{BE4635FA-4E08-4F01-BE7C-71C848DA6530}.Release|x64.ActiveCfg = Release|x64
		{BE4635FA-4E08-4F01-BE7C-71C848DA6530}.Release|x64.Build.0 = Release|x64
		{B0C0B839-BA27-4C44-8FB5-C1DC16088A31}.Debug|Any CPU.ActiveCfg = Debug|Any CPU
		{B0C0B839-BA27-4C44-8FB5-C1DC16088A31}.Debug|Any CPU.Build.0 = Debug|Any CPU
		{B0C0B839-BA27-4C44-8FB5-C1DC16088A31}.Debug|x64.ActiveCfg = Debug|Any CPU
		{B0C0B839-BA27-4C44-8FB5-C1DC16088A31}.Debug|x64.Build.0 = Debug|Any CPU
		{B0C0B839-BA27-4C44-8FB5-C1DC16088A31}.Release|Any CPU.ActiveCfg = Release|Any CPU
		{B0C0B839-BA27-4C44-8FB5-C1DC16088A31}.Release|Any CPU.Build.0 = Release|Any CPU
		{B0C0B839-BA27-4C44-8FB5-C1DC16088A31}.Release|x64.ActiveCfg = Release|Any CPU
		{B0C0B839-BA27-4C44-8FB5-C1DC16088A31}.Release|x64.Build.0 = Release|Any CPU
		{81D9963D-89F8-46C6-A6A7-A57EE9F8424B}.Debug|Any CPU.ActiveCfg = Debug|x64
		{81D9963D-89F8-46C6-A6A7-A57EE9F8424B}.Debug|Any CPU.Build.0 = Debug|x64
		{81D9963D-89F8-46C6-A6A7-A57EE9F8424B}.Debug|x64.ActiveCfg = Debug|x64
		{81D9963D-89F8-46C6-A6A7-A57EE9F8424B}.Debug|x64.Build.0 = Debug|x64
		{81D9963D-89F8-46C6-A6A7-A57EE9F8424B}.Release|Any CPU.ActiveCfg = Release|x64
		{81D9963D-89F8-46C6-A6A7-A57EE9F8424B}.Release|x64.ActiveCfg = Release|x64
		{81D9963D-89F8-46C6-A6A7-A57EE9F8424B}.Release|x64.Build.0 = Release|x64
		{F5AD725E-0285-4438-A653-303A1273E363}.Debug|Any CPU.ActiveCfg = Debug|x64
		{F5AD725E-0285-4438-A653-303A1273E363}.Debug|Any CPU.Build.0 = Debug|x64
		{F5AD725E-0285-4438-A653-303A1273E363}.Debug|Any CPU.Deploy.0 = Debug|x64
		{F5AD725E-0285-4438-A653-303A1273E363}.Debug|x64.ActiveCfg = Debug|x64
		{F5AD725E-0285-4438-A653-303A1273E363}.Debug|x64.Build.0 = Debug|x64
		{F5AD725E-0285-4438-A653-303A1273E363}.Debug|x64.Deploy.0 = Debug|x64
		{F5AD725E-0285-4438-A653-303A1273E363}.Release|Any CPU.ActiveCfg = Release|x64
		{F5AD725E-0285-4438-A653-303A1273E363}.Release|x64.ActiveCfg = Release|x64
		{F5AD725E-0285-4438-A653-303A1273E363}.Release|x64.Build.0 = Release|x64
		{F5AD725E-0285-4438-A653-303A1273E363}.Release|x64.Deploy.0 = Release|x64
		{929AA6E7-41F3-40BF-8897-8354594CF046}.Debug|Any CPU.ActiveCfg = Debug|x64
		{929AA6E7-41F3-40BF-8897-8354594CF046}.Debug|Any CPU.Build.0 = Debug|x64
		{929AA6E7-41F3-40BF-8897-8354594CF046}.Debug|x64.ActiveCfg = Debug|x64
		{929AA6E7-41F3-40BF-8897-8354594CF046}.Debug|x64.Build.0 = Debug|x64
		{929AA6E7-41F3-40BF-8897-8354594CF046}.Release|Any CPU.ActiveCfg = Release|x64
		{929AA6E7-41F3-40BF-8897-8354594CF046}.Release|x64.ActiveCfg = Release|x64
		{929AA6E7-41F3-40BF-8897-8354594CF046}.Release|x64.Build.0 = Release|x64
		{6D9E1E24-831C-4B92-9FDE-216270255C06}.Debug|Any CPU.ActiveCfg = Debug|x64
		{6D9E1E24-831C-4B92-9FDE-216270255C06}.Debug|Any CPU.Build.0 = Debug|x64
		{6D9E1E24-831C-4B92-9FDE-216270255C06}.Debug|Any CPU.Deploy.0 = Debug|x64
		{6D9E1E24-831C-4B92-9FDE-216270255C06}.Debug|x64.ActiveCfg = Debug|x64
		{6D9E1E24-831C-4B92-9FDE-216270255C06}.Debug|x64.Build.0 = Debug|x64
		{6D9E1E24-831C-4B92-9FDE-216270255C06}.Debug|x64.Deploy.0 = Debug|x64
		{6D9E1E24-831C-4B92-9FDE-216270255C06}.Release|Any CPU.ActiveCfg = Release|x64
		{6D9E1E24-831C-4B92-9FDE-216270255C06}.Release|x64.ActiveCfg = Release|x64
		{6D9E1E24-831C-4B92-9FDE-216270255C06}.Release|x64.Build.0 = Release|x64
		{6D9E1E24-831C-4B92-9FDE-216270255C06}.Release|x64.Deploy.0 = Release|x64
		{2D78F36C-368B-4A64-B6DC-5AB2267066DB}.Debug|Any CPU.ActiveCfg = Debug|x64
		{2D78F36C-368B-4A64-B6DC-5AB2267066DB}.Debug|Any CPU.Build.0 = Debug|x64
		{2D78F36C-368B-4A64-B6DC-5AB2267066DB}.Debug|x64.ActiveCfg = Debug|x64
		{2D78F36C-368B-4A64-B6DC-5AB2267066DB}.Debug|x64.Build.0 = Debug|x64
		{2D78F36C-368B-4A64-B6DC-5AB2267066DB}.Release|Any CPU.ActiveCfg = Release|x64
		{2D78F36C-368B-4A64-B6DC-5AB2267066DB}.Release|x64.ActiveCfg = Release|x64
		{2D78F36C-368B-4A64-B6DC-5AB2267066DB}.Release|x64.Build.0 = Release|x64
		{A27CDBA0-3565-4809-8381-50984F6ABCDC}.Debug|Any CPU.ActiveCfg = Debug|Any CPU
		{A27CDBA0-3565-4809-8381-50984F6ABCDC}.Debug|Any CPU.Build.0 = Debug|Any CPU
		{A27CDBA0-3565-4809-8381-50984F6ABCDC}.Debug|x64.ActiveCfg = Debug|Any CPU
		{A27CDBA0-3565-4809-8381-50984F6ABCDC}.Debug|x64.Build.0 = Debug|Any CPU
		{A27CDBA0-3565-4809-8381-50984F6ABCDC}.Release|Any CPU.ActiveCfg = Release|Any CPU
		{A27CDBA0-3565-4809-8381-50984F6ABCDC}.Release|Any CPU.Build.0 = Release|Any CPU
		{A27CDBA0-3565-4809-8381-50984F6ABCDC}.Release|x64.ActiveCfg = Release|Any CPU
		{A27CDBA0-3565-4809-8381-50984F6ABCDC}.Release|x64.Build.0 = Release|Any CPU
		{BA833649-B5B4-44BE-8325-01E1E5235759}.Debug|Any CPU.ActiveCfg = Debug|Any CPU
		{BA833649-B5B4-44BE-8325-01E1E5235759}.Debug|Any CPU.Build.0 = Debug|Any CPU
		{BA833649-B5B4-44BE-8325-01E1E5235759}.Debug|x64.ActiveCfg = Debug|x64
		{BA833649-B5B4-44BE-8325-01E1E5235759}.Debug|x64.Build.0 = Debug|x64
		{BA833649-B5B4-44BE-8325-01E1E5235759}.Release|Any CPU.ActiveCfg = Release|Any CPU
		{BA833649-B5B4-44BE-8325-01E1E5235759}.Release|Any CPU.Build.0 = Release|Any CPU
		{BA833649-B5B4-44BE-8325-01E1E5235759}.Release|x64.ActiveCfg = Release|Any CPU
		{BA833649-B5B4-44BE-8325-01E1E5235759}.Release|x64.Build.0 = Release|Any CPU
		{49770C86-EEDD-4B3C-85E3-A8FACC94E254}.Debug|Any CPU.ActiveCfg = Debug|x64
		{49770C86-EEDD-4B3C-85E3-A8FACC94E254}.Debug|Any CPU.Build.0 = Debug|x64
		{49770C86-EEDD-4B3C-85E3-A8FACC94E254}.Debug|Any CPU.Deploy.0 = Debug|x64
		{49770C86-EEDD-4B3C-85E3-A8FACC94E254}.Debug|x64.ActiveCfg = Debug|x64
		{49770C86-EEDD-4B3C-85E3-A8FACC94E254}.Debug|x64.Build.0 = Debug|x64
		{49770C86-EEDD-4B3C-85E3-A8FACC94E254}.Debug|x64.Deploy.0 = Debug|x64
		{49770C86-EEDD-4B3C-85E3-A8FACC94E254}.Release|Any CPU.ActiveCfg = Release|x64
		{49770C86-EEDD-4B3C-85E3-A8FACC94E254}.Release|x64.ActiveCfg = Release|x64
		{49770C86-EEDD-4B3C-85E3-A8FACC94E254}.Release|x64.Build.0 = Release|x64
		{49770C86-EEDD-4B3C-85E3-A8FACC94E254}.Release|x64.Deploy.0 = Release|x64
		{96B5FC04-C1BE-4C16-89F8-F283E742538D}.Debug|Any CPU.ActiveCfg = Debug|x64
		{96B5FC04-C1BE-4C16-89F8-F283E742538D}.Debug|Any CPU.Build.0 = Debug|x64
		{96B5FC04-C1BE-4C16-89F8-F283E742538D}.Debug|x64.ActiveCfg = Debug|x64
		{96B5FC04-C1BE-4C16-89F8-F283E742538D}.Debug|x64.Build.0 = Debug|x64
		{96B5FC04-C1BE-4C16-89F8-F283E742538D}.Release|Any CPU.ActiveCfg = Release|x64
		{96B5FC04-C1BE-4C16-89F8-F283E742538D}.Release|x64.ActiveCfg = Release|x64
		{96B5FC04-C1BE-4C16-89F8-F283E742538D}.Release|x64.Build.0 = Release|x64
		{706E18E2-E4EF-4C8C-ACAE-9CFBE6C8CFA5}.Debug|Any CPU.ActiveCfg = Debug|x64
		{706E18E2-E4EF-4C8C-ACAE-9CFBE6C8CFA5}.Debug|Any CPU.Build.0 = Debug|x64
		{706E18E2-E4EF-4C8C-ACAE-9CFBE6C8CFA5}.Debug|x64.ActiveCfg = Debug|x64
		{706E18E2-E4EF-4C8C-ACAE-9CFBE6C8CFA5}.Debug|x64.Build.0 = Debug|x64
		{706E18E2-E4EF-4C8C-ACAE-9CFBE6C8CFA5}.Release|Any CPU.ActiveCfg = Release|x64
		{706E18E2-E4EF-4C8C-ACAE-9CFBE6C8CFA5}.Release|x64.ActiveCfg = Release|x64
		{706E18E2-E4EF-4C8C-ACAE-9CFBE6C8CFA5}.Release|x64.Build.0 = Release|x64
		{73839AAB-915C-409A-812D-ED1E80A5B43E}.Debug|Any CPU.ActiveCfg = Debug|x64
		{73839AAB-915C-409A-812D-ED1E80A5B43E}.Debug|Any CPU.Build.0 = Debug|x64
		{73839AAB-915C-409A-812D-ED1E80A5B43E}.Debug|x64.ActiveCfg = Debug|x64
		{73839AAB-915C-409A-812D-ED1E80A5B43E}.Debug|x64.Build.0 = Debug|x64
		{73839AAB-915C-409A-812D-ED1E80A5B43E}.Release|Any CPU.ActiveCfg = Release|x64
		{73839AAB-915C-409A-812D-ED1E80A5B43E}.Release|x64.ActiveCfg = Release|x64
		{73839AAB-915C-409A-812D-ED1E80A5B43E}.Release|x64.Build.0 = Release|x64
		{44888183-576A-4C89-BF8F-33B2567E62B2}.Debug|Any CPU.ActiveCfg = Debug|x64
		{44888183-576A-4C89-BF8F-33B2567E62B2}.Debug|Any CPU.Build.0 = Debug|x64
		{44888183-576A-4C89-BF8F-33B2567E62B2}.Debug|x64.ActiveCfg = Debug|x64
		{44888183-576A-4C89-BF8F-33B2567E62B2}.Debug|x64.Build.0 = Debug|x64
		{44888183-576A-4C89-BF8F-33B2567E62B2}.Release|Any CPU.ActiveCfg = Release|x64
		{44888183-576A-4C89-BF8F-33B2567E62B2}.Release|x64.ActiveCfg = Release|x64
		{44888183-576A-4C89-BF8F-33B2567E62B2}.Release|x64.Build.0 = Release|x64
		{8E60D60B-5DA6-4B68-A4A6-0F1AEFDCB1A7}.Debug|Any CPU.ActiveCfg = Debug|Any CPU
		{8E60D60B-5DA6-4B68-A4A6-0F1AEFDCB1A7}.Debug|Any CPU.Build.0 = Debug|Any CPU
		{8E60D60B-5DA6-4B68-A4A6-0F1AEFDCB1A7}.Debug|x64.ActiveCfg = Debug|Any CPU
		{8E60D60B-5DA6-4B68-A4A6-0F1AEFDCB1A7}.Debug|x64.Build.0 = Debug|Any CPU
		{8E60D60B-5DA6-4B68-A4A6-0F1AEFDCB1A7}.Release|Any CPU.ActiveCfg = Release|Any CPU
		{8E60D60B-5DA6-4B68-A4A6-0F1AEFDCB1A7}.Release|Any CPU.Build.0 = Release|Any CPU
		{8E60D60B-5DA6-4B68-A4A6-0F1AEFDCB1A7}.Release|x64.ActiveCfg = Release|Any CPU
		{8E60D60B-5DA6-4B68-A4A6-0F1AEFDCB1A7}.Release|x64.Build.0 = Release|Any CPU
		{B0F1A64B-EB06-4ECA-AEE2-029E4A53D55D}.Debug|Any CPU.ActiveCfg = Debug|x64
		{B0F1A64B-EB06-4ECA-AEE2-029E4A53D55D}.Debug|x64.ActiveCfg = Debug|x64
		{B0F1A64B-EB06-4ECA-AEE2-029E4A53D55D}.Debug|x64.Build.0 = Debug|x64
		{B0F1A64B-EB06-4ECA-AEE2-029E4A53D55D}.Debug|x64.Deploy.0 = Debug|x64
		{B0F1A64B-EB06-4ECA-AEE2-029E4A53D55D}.Release|Any CPU.ActiveCfg = Release|x64
		{B0F1A64B-EB06-4ECA-AEE2-029E4A53D55D}.Release|x64.ActiveCfg = Release|x64
		{B0F1A64B-EB06-4ECA-AEE2-029E4A53D55D}.Release|x64.Build.0 = Release|x64
		{B0F1A64B-EB06-4ECA-AEE2-029E4A53D55D}.Release|x64.Deploy.0 = Release|x64
		{A1692595-7D80-4B6A-9502-CDC2A10EFF7A}.Debug|Any CPU.ActiveCfg = Debug|x64
		{A1692595-7D80-4B6A-9502-CDC2A10EFF7A}.Debug|x64.ActiveCfg = Debug|x64
		{A1692595-7D80-4B6A-9502-CDC2A10EFF7A}.Debug|x64.Build.0 = Debug|x64
		{A1692595-7D80-4B6A-9502-CDC2A10EFF7A}.Release|Any CPU.ActiveCfg = Release|x64
		{A1692595-7D80-4B6A-9502-CDC2A10EFF7A}.Release|x64.ActiveCfg = Release|x64
		{A1692595-7D80-4B6A-9502-CDC2A10EFF7A}.Release|x64.Build.0 = Release|x64
		{DF046FA3-DFC0-4415-BB9C-B3A6A8C3150F}.Debug|Any CPU.ActiveCfg = Debug|x64
		{DF046FA3-DFC0-4415-BB9C-B3A6A8C3150F}.Debug|x64.ActiveCfg = Debug|x64
		{DF046FA3-DFC0-4415-BB9C-B3A6A8C3150F}.Debug|x64.Build.0 = Debug|x64
		{DF046FA3-DFC0-4415-BB9C-B3A6A8C3150F}.Debug|x64.Deploy.0 = Debug|x64
		{DF046FA3-DFC0-4415-BB9C-B3A6A8C3150F}.Release|Any CPU.ActiveCfg = Release|x64
		{DF046FA3-DFC0-4415-BB9C-B3A6A8C3150F}.Release|x64.ActiveCfg = Release|x64
		{DF046FA3-DFC0-4415-BB9C-B3A6A8C3150F}.Release|x64.Build.0 = Release|x64
		{DF046FA3-DFC0-4415-BB9C-B3A6A8C3150F}.Release|x64.Deploy.0 = Release|x64
		{86270D41-6D80-46A7-BC6F-7F9A2D135AEF}.Debug|Any CPU.ActiveCfg = Debug|x64
		{86270D41-6D80-46A7-BC6F-7F9A2D135AEF}.Debug|x64.ActiveCfg = Debug|x64
		{86270D41-6D80-46A7-BC6F-7F9A2D135AEF}.Debug|x64.Build.0 = Debug|x64
		{86270D41-6D80-46A7-BC6F-7F9A2D135AEF}.Release|Any CPU.ActiveCfg = Release|x64
		{86270D41-6D80-46A7-BC6F-7F9A2D135AEF}.Release|x64.ActiveCfg = Release|x64
		{86270D41-6D80-46A7-BC6F-7F9A2D135AEF}.Release|x64.Build.0 = Release|x64
		{F41FF9B3-180B-4DF1-9ECA-C588DFE33AB6}.Debug|Any CPU.ActiveCfg = Debug|x64
		{F41FF9B3-180B-4DF1-9ECA-C588DFE33AB6}.Debug|x64.ActiveCfg = Debug|x64
		{F41FF9B3-180B-4DF1-9ECA-C588DFE33AB6}.Debug|x64.Build.0 = Debug|x64
		{F41FF9B3-180B-4DF1-9ECA-C588DFE33AB6}.Debug|x64.Deploy.0 = Debug|x64
		{F41FF9B3-180B-4DF1-9ECA-C588DFE33AB6}.Release|Any CPU.ActiveCfg = Release|x64
		{F41FF9B3-180B-4DF1-9ECA-C588DFE33AB6}.Release|x64.ActiveCfg = Release|x64
		{F41FF9B3-180B-4DF1-9ECA-C588DFE33AB6}.Release|x64.Build.0 = Release|x64
		{F41FF9B3-180B-4DF1-9ECA-C588DFE33AB6}.Release|x64.Deploy.0 = Release|x64
		{1B822D3A-DAF4-4582-A92D-A13577899F7C}.Debug|Any CPU.ActiveCfg = Debug|x64
		{1B822D3A-DAF4-4582-A92D-A13577899F7C}.Debug|x64.ActiveCfg = Debug|x64
		{1B822D3A-DAF4-4582-A92D-A13577899F7C}.Debug|x64.Build.0 = Debug|x64
		{1B822D3A-DAF4-4582-A92D-A13577899F7C}.Release|Any CPU.ActiveCfg = Release|x64
		{1B822D3A-DAF4-4582-A92D-A13577899F7C}.Release|x64.ActiveCfg = Release|x64
		{1B822D3A-DAF4-4582-A92D-A13577899F7C}.Release|x64.Build.0 = Release|x64
	EndGlobalSection
	GlobalSection(SolutionProperties) = preSolution
		HideSolutionNode = FALSE
	EndGlobalSection
	GlobalSection(NestedProjects) = preSolution
		{74B9485E-0D5B-42AE-941E-66B304B8BE3F} = {157EC6D4-8CD9-4C24-B60A-477574D24EAE}
		{2BF036BB-0796-460D-8593-51D26B720E85} = {157EC6D4-8CD9-4C24-B60A-477574D24EAE}
		{000549B4-D86D-420E-B454-D15D81DB960D} = {DB175C9D-C489-428F-A403-543423E70283}
		{BE4635FA-4E08-4F01-BE7C-71C848DA6530} = {DB175C9D-C489-428F-A403-543423E70283}
		{B0C0B839-BA27-4C44-8FB5-C1DC16088A31} = {DB175C9D-C489-428F-A403-543423E70283}
		{81D9963D-89F8-46C6-A6A7-A57EE9F8424B} = {DB175C9D-C489-428F-A403-543423E70283}
		{F5AD725E-0285-4438-A653-303A1273E363} = {DB175C9D-C489-428F-A403-543423E70283}
		{929AA6E7-41F3-40BF-8897-8354594CF046} = {DB175C9D-C489-428F-A403-543423E70283}
		{6D9E1E24-831C-4B92-9FDE-216270255C06} = {77084D03-E3FD-43B5-BF11-A07C66FC535E}
		{2D78F36C-368B-4A64-B6DC-5AB2267066DB} = {77084D03-E3FD-43B5-BF11-A07C66FC535E}
		{A27CDBA0-3565-4809-8381-50984F6ABCDC} = {77084D03-E3FD-43B5-BF11-A07C66FC535E}
		{BA833649-B5B4-44BE-8325-01E1E5235759} = {77084D03-E3FD-43B5-BF11-A07C66FC535E}
		{49770C86-EEDD-4B3C-85E3-A8FACC94E254} = {DB141247-62DB-4C42-A14D-161833F2AB71}
		{96B5FC04-C1BE-4C16-89F8-F283E742538D} = {DB141247-62DB-4C42-A14D-161833F2AB71}
		{706E18E2-E4EF-4C8C-ACAE-9CFBE6C8CFA5} = {DB141247-62DB-4C42-A14D-161833F2AB71}
		{73839AAB-915C-409A-812D-ED1E80A5B43E} = {DB141247-62DB-4C42-A14D-161833F2AB71}
		{44888183-576A-4C89-BF8F-33B2567E62B2} = {DB141247-62DB-4C42-A14D-161833F2AB71}
		{8E60D60B-5DA6-4B68-A4A6-0F1AEFDCB1A7} = {DB141247-62DB-4C42-A14D-161833F2AB71}
		{B0F1A64B-EB06-4ECA-AEE2-029E4A53D55D} = {0FB0A682-D86A-428E-886A-D30E3A075D24}
		{A1692595-7D80-4B6A-9502-CDC2A10EFF7A} = {0FB0A682-D86A-428E-886A-D30E3A075D24}
		{DF046FA3-DFC0-4415-BB9C-B3A6A8C3150F} = {0FB0A682-D86A-428E-886A-D30E3A075D24}
		{86270D41-6D80-46A7-BC6F-7F9A2D135AEF} = {0FB0A682-D86A-428E-886A-D30E3A075D24}
		{F41FF9B3-180B-4DF1-9ECA-C588DFE33AB6} = {0FB0A682-D86A-428E-886A-D30E3A075D24}
		{1B822D3A-DAF4-4582-A92D-A13577899F7C} = {0FB0A682-D86A-428E-886A-D30E3A075D24}
	EndGlobalSection
	GlobalSection(ExtensibilityGlobals) = postSolution
		SolutionGuid = {D03E24FD-2AE2-4083-96B0-6A4E7FB2B290}
	EndGlobalSection
EndGlobal
