
Microsoft Visual Studio Solution File, Format Version 12.00
# Visual Studio 15
VisualStudioVersion = 15.0.27004.2009
MinimumVisualStudioVersion = 10.0.40219.1
Project("{A07B5EB6-E848-4116-A8D0-A826331D98C6}") = "PortSharing", "PortSharing\PortSharing.sfproj", "{581A87E8-5AC0-4DC4-85C4-815753700E00}"
EndProject
Project("{FAE04EC0-301F-11D3-BF4B-00C04F79EFBC}") = "MyAPI", "MyAPI\MyAPI.csproj", "{77BEC786-F9B4-4090-9ED8-BAFBA9599AA8}"
EndProject
Global
	GlobalSection(SolutionConfigurationPlatforms) = preSolution
		Debug|Any CPU = Debug|Any CPU
		Debug|x64 = Debug|x64
		Release|Any CPU = Release|Any CPU
		Release|x64 = Release|x64
	EndGlobalSection
	GlobalSection(ProjectConfigurationPlatforms) = postSolution
		{581A87E8-5AC0-4DC4-85C4-815753700E00}.Debug|Any CPU.ActiveCfg = Debug|x64
		{581A87E8-5AC0-4DC4-85C4-815753700E00}.Debug|x64.ActiveCfg = Debug|x64
		{581A87E8-5AC0-4DC4-85C4-815753700E00}.Debug|x64.Build.0 = Debug|x64
		{581A87E8-5AC0-4DC4-85C4-815753700E00}.Debug|x64.Deploy.0 = Debug|x64
		{581A87E8-5AC0-4DC4-85C4-815753700E00}.Release|Any CPU.ActiveCfg = Release|x64
		{581A87E8-5AC0-4DC4-85C4-815753700E00}.Release|x64.ActiveCfg = Release|x64
		{581A87E8-5AC0-4DC4-85C4-815753700E00}.Release|x64.Build.0 = Release|x64
		{581A87E8-5AC0-4DC4-85C4-815753700E00}.Release|x64.Deploy.0 = Release|x64
		{77BEC786-F9B4-4090-9ED8-BAFBA9599AA8}.Debug|Any CPU.ActiveCfg = Debug|Any CPU
		{77BEC786-F9B4-4090-9ED8-BAFBA9599AA8}.Debug|Any CPU.Build.0 = Debug|Any CPU
		{77BEC786-F9B4-4090-9ED8-BAFBA9599AA8}.Debug|x64.ActiveCfg = Debug|Any CPU
		{77BEC786-F9B4-4090-9ED8-BAFBA9599AA8}.Debug|x64.Build.0 = Debug|Any CPU
		{77BEC786-F9B4-4090-9ED8-BAFBA9599AA8}.Release|Any CPU.ActiveCfg = Release|Any CPU
		{77BEC786-F9B4-4090-9ED8-BAFBA9599AA8}.Release|Any CPU.Build.0 = Release|Any CPU
		{77BEC786-F9B4-4090-9ED8-BAFBA9599AA8}.Release|x64.ActiveCfg = Release|Any CPU
		{77BEC786-F9B4-4090-9ED8-BAFBA9599AA8}.Release|x64.Build.0 = Release|Any CPU
	EndGlobalSection
	GlobalSection(SolutionProperties) = preSolution
		HideSolutionNode = FALSE
	EndGlobalSection
	GlobalSection(ExtensibilityGlobals) = postSolution
		SolutionGuid = {864DD6FB-D383-498D-AFBE-B989BA5C01CD}
	EndGlobalSection
EndGlobal
